// !$*UTF8*$!
{
	archiveVersion = 1;
	classes = {
	};
	objectVersion = 48;
	objects = {

/* Begin PBXBuildFile section */
		1127F27D2037DA6700A8CF58 /* AppDelegate.swift in Sources */ = {isa = PBXBuildFile; fileRef = 1127F27C2037DA6700A8CF58 /* AppDelegate.swift */; };
		1127F2822037DA6700A8CF58 /* Main.storyboard in Resources */ = {isa = PBXBuildFile; fileRef = 1127F2802037DA6700A8CF58 /* Main.storyboard */; };
		1127F2842037DA6700A8CF58 /* Assets.xcassets in Resources */ = {isa = PBXBuildFile; fileRef = 1127F2832037DA6700A8CF58 /* Assets.xcassets */; };
		1127F2872037DA6700A8CF58 /* LaunchScreen.storyboard in Resources */ = {isa = PBXBuildFile; fileRef = 1127F2852037DA6700A8CF58 /* LaunchScreen.storyboard */; };
		1127F28F2038639600A8CF58 /* LengthTableViewController.swift in Sources */ = {isa = PBXBuildFile; fileRef = 1127F28E2038639600A8CF58 /* LengthTableViewController.swift */; };
		1127F2922039089100A8CF58 /* UnitConverter.xcdatamodeld in Sources */ = {isa = PBXBuildFile; fileRef = 1127F2902039089100A8CF58 /* UnitConverter.xcdatamodeld */; };
		115079BC2040F0640034B68B /* ConversionInfo.swift in Sources */ = {isa = PBXBuildFile; fileRef = 115079BB2040F0640034B68B /* ConversionInfo.swift */; };
		115079BE2040F2990034B68B /* ConverterViewController.swift in Sources */ = {isa = PBXBuildFile; fileRef = 115079BD2040F2990034B68B /* ConverterViewController.swift */; };
		115079C02040F4EF0034B68B /* LiquidTableViewController.swift in Sources */ = {isa = PBXBuildFile; fileRef = 115079BF2040F4EF0034B68B /* LiquidTableViewController.swift */; };
		115079C22040FC600034B68B /* TemperatureTableViewController.swift in Sources */ = {isa = PBXBuildFile; fileRef = 115079C12040FC600034B68B /* TemperatureTableViewController.swift */; };
		115079C42041130F0034B68B /* MassTableViewController.swift in Sources */ = {isa = PBXBuildFile; fileRef = 115079C32041130F0034B68B /* MassTableViewController.swift */; };
		115079D82041C2040034B68B /* ruler.png in Resources */ = {isa = PBXBuildFile; fileRef = 115079D42041C2030034B68B /* ruler.png */; };
		115079D92041C2040034B68B /* thermometer.png in Resources */ = {isa = PBXBuildFile; fileRef = 115079D52041C2030034B68B /* thermometer.png */; };
		115079DA2041C2040034B68B /* weight.png in Resources */ = {isa = PBXBuildFile; fileRef = 115079D62041C2030034B68B /* weight.png */; };
		115079DB2041C2040034B68B /* drop.png in Resources */ = {isa = PBXBuildFile; fileRef = 115079D72041C2030034B68B /* drop.png */; };
/* End PBXBuildFile section */

/* Begin PBXFileReference section */
		1127F2792037DA6700A8CF58 /* UnitConverter.app */ = {isa = PBXFileReference; explicitFileType = wrapper.application; includeInIndex = 0; path = UnitConverter.app; sourceTree = BUILT_PRODUCTS_DIR; };
		1127F27C2037DA6700A8CF58 /* AppDelegate.swift */ = {isa = PBXFileReference; lastKnownFileType = sourcecode.swift; path = AppDelegate.swift; sourceTree = "<group>"; };
		1127F2812037DA6700A8CF58 /* Base */ = {isa = PBXFileReference; lastKnownFileType = file.storyboard; name = Base; path = Base.lproj/Main.storyboard; sourceTree = "<group>"; };
		1127F2832037DA6700A8CF58 /* Assets.xcassets */ = {isa = PBXFileReference; lastKnownFileType = folder.assetcatalog; path = Assets.xcassets; sourceTree = "<group>"; };
		1127F2862037DA6700A8CF58 /* Base */ = {isa = PBXFileReference; lastKnownFileType = file.storyboard; name = Base; path = Base.lproj/LaunchScreen.storyboard; sourceTree = "<group>"; };
		1127F2882037DA6700A8CF58 /* Info.plist */ = {isa = PBXFileReference; lastKnownFileType = text.plist.xml; path = Info.plist; sourceTree = "<group>"; };
		1127F28E2038639600A8CF58 /* LengthTableViewController.swift */ = {isa = PBXFileReference; lastKnownFileType = sourcecode.swift; path = LengthTableViewController.swift; sourceTree = "<group>"; };
		1127F2912039089100A8CF58 /* Conversion.xcdatamodel */ = {isa = PBXFileReference; lastKnownFileType = wrapper.xcdatamodel; path = Conversion.xcdatamodel; sourceTree = "<group>"; };
		115079BB2040F0640034B68B /* ConversionInfo.swift */ = {isa = PBXFileReference; lastKnownFileType = sourcecode.swift; path = ConversionInfo.swift; sourceTree = "<group>"; };
		115079BD2040F2990034B68B /* ConverterViewController.swift */ = {isa = PBXFileReference; lastKnownFileType = sourcecode.swift; path = ConverterViewController.swift; sourceTree = "<group>"; };
		115079BF2040F4EF0034B68B /* LiquidTableViewController.swift */ = {isa = PBXFileReference; lastKnownFileType = sourcecode.swift; path = LiquidTableViewController.swift; sourceTree = "<group>"; };
		115079C12040FC600034B68B /* TemperatureTableViewController.swift */ = {isa = PBXFileReference; lastKnownFileType = sourcecode.swift; path = TemperatureTableViewController.swift; sourceTree = "<group>"; };
		115079C32041130F0034B68B /* MassTableViewController.swift */ = {isa = PBXFileReference; lastKnownFileType = sourcecode.swift; path = MassTableViewController.swift; sourceTree = "<group>"; };
		115079D42041C2030034B68B /* ruler.png */ = {isa = PBXFileReference; lastKnownFileType = image.png; path = ruler.png; sourceTree = "<group>"; };
		115079D52041C2030034B68B /* thermometer.png */ = {isa = PBXFileReference; lastKnownFileType = image.png; path = thermometer.png; sourceTree = "<group>"; };
		115079D62041C2030034B68B /* weight.png */ = {isa = PBXFileReference; lastKnownFileType = image.png; path = weight.png; sourceTree = "<group>"; };
		115079D72041C2030034B68B /* drop.png */ = {isa = PBXFileReference; lastKnownFileType = image.png; path = drop.png; sourceTree = "<group>"; };
/* End PBXFileReference section */

/* Begin PBXFrameworksBuildPhase section */
		1127F2762037DA6700A8CF58 /* Frameworks */ = {
			isa = PBXFrameworksBuildPhase;
			buildActionMask = 2147483647;
			files = (
			);
			runOnlyForDeploymentPostprocessing = 0;
		};
/* End PBXFrameworksBuildPhase section */

/* Begin PBXGroup section */
		1127F2702037DA6700A8CF58 = {
			isa = PBXGroup;
			children = (
				1127F27B2037DA6700A8CF58 /* UnitConverter */,
				1127F27A2037DA6700A8CF58 /* Products */,
			);
			sourceTree = "<group>";
		};
		1127F27A2037DA6700A8CF58 /* Products */ = {
			isa = PBXGroup;
			children = (
				1127F2792037DA6700A8CF58 /* UnitConverter.app */,
			);
			name = Products;
			sourceTree = "<group>";
		};
		1127F27B2037DA6700A8CF58 /* UnitConverter */ = {
			isa = PBXGroup;
			children = (
				115079D32041C2030034B68B /* Images */,
				1127F27C2037DA6700A8CF58 /* AppDelegate.swift */,
				1127F2802037DA6700A8CF58 /* Main.storyboard */,
				1127F2832037DA6700A8CF58 /* Assets.xcassets */,
				1127F2852037DA6700A8CF58 /* LaunchScreen.storyboard */,
				1127F2882037DA6700A8CF58 /* Info.plist */,
				1127F28E2038639600A8CF58 /* LengthTableViewController.swift */,
				1127F2902039089100A8CF58 /* UnitConverter.xcdatamodeld */,
				115079BB2040F0640034B68B /* ConversionInfo.swift */,
				115079BD2040F2990034B68B /* ConverterViewController.swift */,
				115079BF2040F4EF0034B68B /* LiquidTableViewController.swift */,
				115079C12040FC600034B68B /* TemperatureTableViewController.swift */,
				115079C32041130F0034B68B /* MassTableViewController.swift */,
			);
			path = UnitConverter;
			sourceTree = "<group>";
		};
		115079D32041C2030034B68B /* Images */ = {
			isa = PBXGroup;
			children = (
				115079D42041C2030034B68B /* ruler.png */,
				115079D52041C2030034B68B /* thermometer.png */,
				115079D62041C2030034B68B /* weight.png */,
				115079D72041C2030034B68B /* drop.png */,
			);
			path = Images;
			sourceTree = "<group>";
		};
/* End PBXGroup section */

/* Begin PBXNativeTarget section */
		1127F2782037DA6700A8CF58 /* UnitConverter */ = {
			isa = PBXNativeTarget;
			buildConfigurationList = 1127F28B2037DA6700A8CF58 /* Build configuration list for PBXNativeTarget "UnitConverter" */;
			buildPhases = (
				1127F2752037DA6700A8CF58 /* Sources */,
				1127F2762037DA6700A8CF58 /* Frameworks */,
				1127F2772037DA6700A8CF58 /* Resources */,
			);
			buildRules = (
			);
			dependencies = (
			);
			name = UnitConverter;
			productName = UnitConverter;
			productReference = 1127F2792037DA6700A8CF58 /* UnitConverter.app */;
			productType = "com.apple.product-type.application";
		};
/* End PBXNativeTarget section */

/* Begin PBXProject section */
		1127F2712037DA6700A8CF58 /* Project object */ = {
			isa = PBXProject;
			attributes = {
				LastSwiftUpdateCheck = 0920;
				LastUpgradeCheck = 0920;
				ORGANIZATIONNAME = "Truong Pham";
				TargetAttributes = {
					1127F2782037DA6700A8CF58 = {
						CreatedOnToolsVersion = 9.2;
						ProvisioningStyle = Automatic;
					};
				};
			};
			buildConfigurationList = 1127F2742037DA6700A8CF58 /* Build configuration list for PBXProject "UnitConverter" */;
			compatibilityVersion = "Xcode 8.0";
			developmentRegion = en;
			hasScannedForEncodings = 0;
			knownRegions = (
				en,
				Base,
			);
			mainGroup = 1127F2702037DA6700A8CF58;
			productRefGroup = 1127F27A2037DA6700A8CF58 /* Products */;
			projectDirPath = "";
			projectRoot = "";
			targets = (
				1127F2782037DA6700A8CF58 /* UnitConverter */,
			);
		};
/* End PBXProject section */

/* Begin PBXResourcesBuildPhase section */
		1127F2772037DA6700A8CF58 /* Resources */ = {
			isa = PBXResourcesBuildPhase;
			buildActionMask = 2147483647;
			files = (
				1127F2872037DA6700A8CF58 /* LaunchScreen.storyboard in Resources */,
				1127F2842037DA6700A8CF58 /* Assets.xcassets in Resources */,
				115079D82041C2040034B68B /* ruler.png in Resources */,
				115079DB2041C2040034B68B /* drop.png in Resources */,
				1127F2822037DA6700A8CF58 /* Main.storyboard in Resources */,
				115079D92041C2040034B68B /* thermometer.png in Resources */,
				115079DA2041C2040034B68B /* weight.png in Resources */,
			);
			runOnlyForDeploymentPostprocessing = 0;
		};
/* End PBXResourcesBuildPhase section */

/* Begin PBXSourcesBuildPhase section */
		1127F2752037DA6700A8CF58 /* Sources */ = {
			isa = PBXSourcesBuildPhase;
			buildActionMask = 2147483647;
			files = (
				1127F2922039089100A8CF58 /* UnitConverter.xcdatamodeld in Sources */,
				1127F27D2037DA6700A8CF58 /* AppDelegate.swift in Sources */,
				115079C22040FC600034B68B /* TemperatureTableViewController.swift in Sources */,
				115079C42041130F0034B68B /* MassTableViewController.swift in Sources */,
				115079BC2040F0640034B68B /* ConversionInfo.swift in Sources */,
				115079C02040F4EF0034B68B /* LiquidTableViewController.swift in Sources */,
				1127F28F2038639600A8CF58 /* LengthTableViewController.swift in Sources */,
				115079BE2040F2990034B68B /* ConverterViewController.swift in Sources */,
			);
			runOnlyForDeploymentPostprocessing = 0;
		};
/* End PBXSourcesBuildPhase section */

/* Begin PBXVariantGroup section */
		1127F2802037DA6700A8CF58 /* Main.storyboard */ = {
			isa = PBXVariantGroup;
			children = (
				1127F2812037DA6700A8CF58 /* Base */,
			);
			name = Main.storyboard;
			sourceTree = "<group>";
		};
		1127F2852037DA6700A8CF58 /* LaunchScreen.storyboard */ = {
			isa = PBXVariantGroup;
			children = (
				1127F2862037DA6700A8CF58 /* Base */,
			);
			name = LaunchScreen.storyboard;
			sourceTree = "<group>";
		};
/* End PBXVariantGroup section */

/* Begin XCBuildConfiguration section */
		1127F2892037DA6700A8CF58 /* Debug */ = {
			isa = XCBuildConfiguration;
			buildSettings = {
				ALWAYS_SEARCH_USER_PATHS = NO;
				CLANG_ANALYZER_NONNULL = YES;
				CLANG_ANALYZER_NUMBER_OBJECT_CONVERSION = YES_AGGRESSIVE;
				CLANG_CXX_LANGUAGE_STANDARD = "gnu++14";
				CLANG_CXX_LIBRARY = "libc++";
				CLANG_ENABLE_MODULES = YES;
				CLANG_ENABLE_OBJC_ARC = YES;
				CLANG_WARN_BLOCK_CAPTURE_AUTORELEASING = YES;
				CLANG_WARN_BOOL_CONVERSION = YES;
				CLANG_WARN_COMMA = YES;
				CLANG_WARN_CONSTANT_CONVERSION = YES;
				CLANG_WARN_DIRECT_OBJC_ISA_USAGE = YES_ERROR;
				CLANG_WARN_DOCUMENTATION_COMMENTS = YES;
				CLANG_WARN_EMPTY_BODY = YES;
				CLANG_WARN_ENUM_CONVERSION = YES;
				CLANG_WARN_INFINITE_RECURSION = YES;
				CLANG_WARN_INT_CONVERSION = YES;
				CLANG_WARN_NON_LITERAL_NULL_CONVERSION = YES;
				CLANG_WARN_OBJC_LITERAL_CONVERSION = YES;
				CLANG_WARN_OBJC_ROOT_CLASS = YES_ERROR;
				CLANG_WARN_RANGE_LOOP_ANALYSIS = YES;
				CLANG_WARN_STRICT_PROTOTYPES = YES;
				CLANG_WARN_SUSPICIOUS_MOVE = YES;
				CLANG_WARN_UNGUARDED_AVAILABILITY = YES_AGGRESSIVE;
				CLANG_WARN_UNREACHABLE_CODE = YES;
				CLANG_WARN__DUPLICATE_METHOD_MATCH = YES;
				CODE_SIGN_IDENTITY = "iPhone Developer";
				COPY_PHASE_STRIP = NO;
				DEBUG_INFORMATION_FORMAT = dwarf;
				ENABLE_STRICT_OBJC_MSGSEND = YES;
				ENABLE_TESTABILITY = YES;
				GCC_C_LANGUAGE_STANDARD = gnu11;
				GCC_DYNAMIC_NO_PIC = NO;
				GCC_NO_COMMON_BLOCKS = YES;
				GCC_OPTIMIZATION_LEVEL = 0;
				GCC_PREPROCESSOR_DEFINITIONS = (
					"DEBUG=1",
					"$(inherited)",
				);
				GCC_WARN_64_TO_32_BIT_CONVERSION = YES;
				GCC_WARN_ABOUT_RETURN_TYPE = YES_ERROR;
				GCC_WARN_UNDECLARED_SELECTOR = YES;
				GCC_WARN_UNINITIALIZED_AUTOS = YES_AGGRESSIVE;
				GCC_WARN_UNUSED_FUNCTION = YES;
				GCC_WARN_UNUSED_VARIABLE = YES;
				IPHONEOS_DEPLOYMENT_TARGET = 11.2;
				MTL_ENABLE_DEBUG_INFO = YES;
				ONLY_ACTIVE_ARCH = YES;
				SDKROOT = iphoneos;
				SWIFT_ACTIVE_COMPILATION_CONDITIONS = DEBUG;
				SWIFT_OPTIMIZATION_LEVEL = "-Onone";
			};
			name = Debug;
		};
		1127F28A2037DA6700A8CF58 /* Release */ = {
			isa = XCBuildConfiguration;
			buildSettings = {
				ALWAYS_SEARCH_USER_PATHS = NO;
				CLANG_ANALYZER_NONNULL = YES;
				CLANG_ANALYZER_NUMBER_OBJECT_CONVERSION = YES_AGGRESSIVE;
				CLANG_CXX_LANGUAGE_STANDARD = "gnu++14";
				CLANG_CXX_LIBRARY = "libc++";
				CLANG_ENABLE_MODULES = YES;
				CLANG_ENABLE_OBJC_ARC = YES;
				CLANG_WARN_BLOCK_CAPTURE_AUTORELEASING = YES;
				CLANG_WARN_BOOL_CONVERSION = YES;
				CLANG_WARN_COMMA = YES;
				CLANG_WARN_CONSTANT_CONVERSION = YES;
				CLANG_WARN_DIRECT_OBJC_ISA_USAGE = YES_ERROR;
				CLANG_WARN_DOCUMENTATION_COMMENTS = YES;
				CLANG_WARN_EMPTY_BODY = YES;
				CLANG_WARN_ENUM_CONVERSION = YES;
				CLANG_WARN_INFINITE_RECURSION = YES;
				CLANG_WARN_INT_CONVERSION = YES;
				CLANG_WARN_NON_LITERAL_NULL_CONVERSION = YES;
				CLANG_WARN_OBJC_LITERAL_CONVERSION = YES;
				CLANG_WARN_OBJC_ROOT_CLASS = YES_ERROR;
				CLANG_WARN_RANGE_LOOP_ANALYSIS = YES;
				CLANG_WARN_STRICT_PROTOTYPES = YES;
				CLANG_WARN_SUSPICIOUS_MOVE = YES;
				CLANG_WARN_UNGUARDED_AVAILABILITY = YES_AGGRESSIVE;
				CLANG_WARN_UNREACHABLE_CODE = YES;
				CLANG_WARN__DUPLICATE_METHOD_MATCH = YES;
				CODE_SIGN_IDENTITY = "iPhone Developer";
				COPY_PHASE_STRIP = NO;
				DEBUG_INFORMATION_FORMAT = "dwarf-with-dsym";
				ENABLE_NS_ASSERTIONS = NO;
				ENABLE_STRICT_OBJC_MSGSEND = YES;
				GCC_C_LANGUAGE_STANDARD = gnu11;
				GCC_NO_COMMON_BLOCKS = YES;
				GCC_WARN_64_TO_32_BIT_CONVERSION = YES;
				GCC_WARN_ABOUT_RETURN_TYPE = YES_ERROR;
				GCC_WARN_UNDECLARED_SELECTOR = YES;
				GCC_WARN_UNINITIALIZED_AUTOS = YES_AGGRESSIVE;
				GCC_WARN_UNUSED_FUNCTION = YES;
				GCC_WARN_UNUSED_VARIABLE = YES;
				IPHONEOS_DEPLOYMENT_TARGET = 11.2;
				MTL_ENABLE_DEBUG_INFO = NO;
				SDKROOT = iphoneos;
				SWIFT_OPTIMIZATION_LEVEL = "-Owholemodule";
				VALIDATE_PRODUCT = YES;
			};
			name = Release;
		};
		1127F28C2037DA6700A8CF58 /* Debug */ = {
			isa = XCBuildConfiguration;
			buildSettings = {
				ASSETCATALOG_COMPILER_APPICON_NAME = AppIcon;
				CODE_SIGN_STYLE = Automatic;
				DEVELOPMENT_TEAM = 5XELBCV3W5;
				INFOPLIST_FILE = UnitConverter/Info.plist;
				LD_RUNPATH_SEARCH_PATHS = "$(inherited) @executable_path/Frameworks";
				PRODUCT_BUNDLE_IDENTIFIER = TPham.UnitConverter;
				PRODUCT_NAME = "$(TARGET_NAME)";
				SWIFT_VERSION = 4.0;
				TARGETED_DEVICE_FAMILY = "1,2";
			};
			name = Debug;
		};
		1127F28D2037DA6700A8CF58 /* Release */ = {
			isa = XCBuildConfiguration;
			buildSettings = {
				ASSETCATALOG_COMPILER_APPICON_NAME = AppIcon;
				CODE_SIGN_STYLE = Automatic;
				DEVELOPMENT_TEAM = 5XELBCV3W5;
				INFOPLIST_FILE = UnitConverter/Info.plist;
				LD_RUNPATH_SEARCH_PATHS = "$(inherited) @executable_path/Frameworks";
				PRODUCT_BUNDLE_IDENTIFIER = TPham.UnitConverter;
				PRODUCT_NAME = "$(TARGET_NAME)";
				SWIFT_VERSION = 4.0;
				TARGETED_DEVICE_FAMILY = "1,2";
			};
			name = Release;
		};
/* End XCBuildConfiguration section */

/* Begin XCConfigurationList section */
		1127F2742037DA6700A8CF58 /* Build configuration list for PBXProject "UnitConverter" */ = {
			isa = XCConfigurationList;
			buildConfigurations = (
				1127F2892037DA6700A8CF58 /* Debug */,
				1127F28A2037DA6700A8CF58 /* Release */,
			);
			defaultConfigurationIsVisible = 0;
			defaultConfigurationName = Release;
		};
		1127F28B2037DA6700A8CF58 /* Build configuration list for PBXNativeTarget "UnitConverter" */ = {
			isa = XCConfigurationList;
			buildConfigurations = (
				1127F28C2037DA6700A8CF58 /* Debug */,
				1127F28D2037DA6700A8CF58 /* Release */,
			);
			defaultConfigurationIsVisible = 0;
			defaultConfigurationName = Release;
		};
/* End XCConfigurationList section */

/* Begin XCVersionGroup section */
		1127F2902039089100A8CF58 /* UnitConverter.xcdatamodeld */ = {
			isa = XCVersionGroup;
			children = (
				1127F2912039089100A8CF58 /* Conversion.xcdatamodel */,
			);
			currentVersion = 1127F2912039089100A8CF58 /* Conversion.xcdatamodel */;
			path = UnitConverter.xcdatamodeld;
			sourceTree = "<group>";
			versionGroupType = wrapper.xcdatamodel;
		};
/* End XCVersionGroup section */
	};
	rootObject = 1127F2712037DA6700A8CF58 /* Project object */;
}
